
Microsoft Visual Studio Solution File, Format Version 12.00
# Visual Studio 15
VisualStudioVersion = 15.0.27428.2037
MinimumVisualStudioVersion = 10.0.40219.1
Project("{FAE04EC0-301F-11D3-BF4B-00C04F79EFBC}") = "Editor.Desktop", "Editor.Desktop\Editor.Desktop.csproj", "{7FE12D3B-1647-4403-9557-CE805509F89D}"
EndProject
Project("{D954291E-2A0B-460D-934E-DC6B0785DB48}") = "Editor.Core", "Editor.Core\Editor.Core.shproj", "{31FA9520-C524-45C4-A438-CEB45B531312}"
EndProject
Project("{FAE04EC0-301F-11D3-BF4B-00C04F79EFBC}") = "Editor.Android", "Editor.Android\Editor.Android.csproj", "{B03BEED8-5514-49A5-9E86-0FA08C6F9864}"
EndProject
Project("{FAE04EC0-301F-11D3-BF4B-00C04F79EFBC}") = "BulletML", "Libraries\BulletMLI\BulletML\BulletML.csproj", "{B7092DB7-57E9-455C-B974-CDC1E0F49518}"
EndProject
Global
	GlobalSection(SharedMSBuildProjectFiles) = preSolution
		Editor.Core\Editor.Core.projitems*{31fa9520-c524-45c4-a438-ceb45b531312}*SharedItemsImports = 13
		Editor.Core\Editor.Core.projitems*{7fe12d3b-1647-4403-9557-ce805509f89d}*SharedItemsImports = 4
		Editor.Core\Editor.Core.projitems*{b03beed8-5514-49a5-9e86-0fa08c6f9864}*SharedItemsImports = 4
	EndGlobalSection
	GlobalSection(SolutionConfigurationPlatforms) = preSolution
		Debug|Any CPU = Debug|Any CPU
		Debug|x86 = Debug|x86
		Release|Any CPU = Release|Any CPU
		Release|x86 = Release|x86
	EndGlobalSection
	GlobalSection(ProjectConfigurationPlatforms) = postSolution
		{7FE12D3B-1647-4403-9557-CE805509F89D}.Debug|Any CPU.ActiveCfg = Debug|Any CPU
		{7FE12D3B-1647-4403-9557-CE805509F89D}.Debug|Any CPU.Build.0 = Debug|Any CPU
		{7FE12D3B-1647-4403-9557-CE805509F89D}.Debug|x86.ActiveCfg = Debug|Any CPU
		{7FE12D3B-1647-4403-9557-CE805509F89D}.Debug|x86.Build.0 = Debug|Any CPU
		{7FE12D3B-1647-4403-9557-CE805509F89D}.Release|Any CPU.ActiveCfg = Release|Any CPU
		{7FE12D3B-1647-4403-9557-CE805509F89D}.Release|Any CPU.Build.0 = Release|Any CPU
		{7FE12D3B-1647-4403-9557-CE805509F89D}.Release|x86.ActiveCfg = Release|Any CPU
		{7FE12D3B-1647-4403-9557-CE805509F89D}.Release|x86.Build.0 = Release|Any CPU
		{B03BEED8-5514-49A5-9E86-0FA08C6F9864}.Debug|Any CPU.ActiveCfg = Debug|Any CPU
		{B03BEED8-5514-49A5-9E86-0FA08C6F9864}.Debug|Any CPU.Build.0 = Debug|Any CPU
		{B03BEED8-5514-49A5-9E86-0FA08C6F9864}.Debug|Any CPU.Deploy.0 = Debug|Any CPU
		{B03BEED8-5514-49A5-9E86-0FA08C6F9864}.Debug|x86.ActiveCfg = Debug|Any CPU
		{B03BEED8-5514-49A5-9E86-0FA08C6F9864}.Debug|x86.Build.0 = Debug|Any CPU
		{B03BEED8-5514-49A5-9E86-0FA08C6F9864}.Debug|x86.Deploy.0 = Debug|Any CPU
		{B03BEED8-5514-49A5-9E86-0FA08C6F9864}.Release|Any CPU.ActiveCfg = Release|Any CPU
		{B03BEED8-5514-49A5-9E86-0FA08C6F9864}.Release|Any CPU.Build.0 = Release|Any CPU
		{B03BEED8-5514-49A5-9E86-0FA08C6F9864}.Release|Any CPU.Deploy.0 = Release|Any CPU
		{B03BEED8-5514-49A5-9E86-0FA08C6F9864}.Release|x86.ActiveCfg = Release|Any CPU
		{B03BEED8-5514-49A5-9E86-0FA08C6F9864}.Release|x86.Build.0 = Release|Any CPU
		{B03BEED8-5514-49A5-9E86-0FA08C6F9864}.Release|x86.Deploy.0 = Release|Any CPU
		{B7092DB7-57E9-455C-B974-CDC1E0F49518}.Debug|Any CPU.ActiveCfg = Debug|Any CPU
		{B7092DB7-57E9-455C-B974-CDC1E0F49518}.Debug|Any CPU.Build.0 = Debug|Any CPU
		{B7092DB7-57E9-455C-B974-CDC1E0F49518}.Debug|x86.ActiveCfg = Debug|Any CPU
		{B7092DB7-57E9-455C-B974-CDC1E0F49518}.Debug|x86.Build.0 = Debug|Any CPU
		{B7092DB7-57E9-455C-B974-CDC1E0F49518}.Release|Any CPU.ActiveCfg = Release|Any CPU
		{B7092DB7-57E9-455C-B974-CDC1E0F49518}.Release|Any CPU.Build.0 = Release|Any CPU
		{B7092DB7-57E9-455C-B974-CDC1E0F49518}.Release|x86.ActiveCfg = Release|Any CPU
		{B7092DB7-57E9-455C-B974-CDC1E0F49518}.Release|x86.Build.0 = Release|Any CPU
	EndGlobalSection
	GlobalSection(SolutionProperties) = preSolution
		HideSolutionNode = FALSE
	EndGlobalSection
	GlobalSection(ExtensibilityGlobals) = postSolution
		SolutionGuid = {2F3D39EF-68FC-460C-9C45-15149F068E9F}
	EndGlobalSection
EndGlobal
